// !$*UTF8*$!
{
	archiveVersion = 1;
	classes = {
	};
	objectVersion = 77;
	objects = {

/* Begin PBXBuildFile section */
		1B53D43C7D74BED8EF88519D /* ArchitectureBoundaryTests.swift in Sources */ = {isa = PBXBuildFile; fileRef = 30D17667A4ED56912BBB8893 /* ArchitectureBoundaryTests.swift */; };
		2D4FFC78CF04D9ACD3B51F72 /* FeedUITests.swift in Sources */ = {isa = PBXBuildFile; fileRef = CA43D194B3235EBEA9054088 /* FeedUITests.swift */; };
		358E6AB79F738C065C4DC16F /* Foundation.framework in Frameworks */ = {isa = PBXBuildFile; fileRef = B888CB3220CC3CBC71BEB8E7 /* Foundation.framework */; };
		4E0B3E6D0C42A0B70E54819C /* CalendarTests.swift in Sources */ = {isa = PBXBuildFile; fileRef = 71C6F5BC47D1ECBD1865320A /* CalendarTests.swift */; };
		523159EDCAAE182884692100 /* FeedTests.swift in Sources */ = {isa = PBXBuildFile; fileRef = 884FCE4AF2F372E5B3D7A18B /* FeedTests.swift */; };
		5362641498F569B0572DF2C6 /* OnboardingUITests.swift in Sources */ = {isa = PBXBuildFile; fileRef = 62870DA56EA814F915135D87 /* OnboardingUITests.swift */; };
		5BD2CA924539750A580D6EDA /* NavigationUITests.swift in Sources */ = {isa = PBXBuildFile; fileRef = 0B6A286C7629719131BF3239 /* NavigationUITests.swift */; };
		6DDE89DA19B86E23B8D7B616 /* HomeTests.swift in Sources */ = {isa = PBXBuildFile; fileRef = E0B37B408959F96857281923 /* HomeTests.swift */; };
		6EA045B8181B5048E518F1A9 /* Foundation.framework in Frameworks */ = {isa = PBXBuildFile; fileRef = B888CB3220CC3CBC71BEB8E7 /* Foundation.framework */; };
		7B85C8C111E3DE1E77078183 /* HomeUITests.swift in Sources */ = {isa = PBXBuildFile; fileRef = 7564C16C6D44FAAE58D15ABC /* HomeUITests.swift */; };
		827220FAA0E669B42EA07549 /* OnboardingTests.swift in Sources */ = {isa = PBXBuildFile; fileRef = E4278B21C148ED13A98BFED5 /* OnboardingTests.swift */; };
		849E025898E078D05E33108C /* CalendarUITests.swift in Sources */ = {isa = PBXBuildFile; fileRef = D5B63F1FFD420B9DDAA522D8 /* CalendarUITests.swift */; };
		86E76C394B62040F3E3BE73D /* CalendarFixtureGovernanceTests.swift in Sources */ = {isa = PBXBuildFile; fileRef = D4C6C440109F9CA959CAE345 /* CalendarFixtureGovernanceTests.swift */; };
		8AB405C46B6CD6CE86A2C26E /* CalendarDaySemanticsTests.swift in Sources */ = {isa = PBXBuildFile; fileRef = 4AC4BE8C8CAD463FB13F2F55 /* CalendarDaySemanticsTests.swift */; };
		ACB1527C1A44BAA8FE8D2154 /* NavigationAndFormattingTests.swift in Sources */ = {isa = PBXBuildFile; fileRef = B8F05ECE09A53E6EB7A7214D /* NavigationAndFormattingTests.swift */; };
		AF142BAAAFB1D8B2752A53B9 /* DesignSystemContractTests.swift in Sources */ = {isa = PBXBuildFile; fileRef = 7264ECF83681DF2376ED0AA3 /* DesignSystemContractTests.swift */; };
		CA814B4C89745A1C39085ED1 /* CalendarResponsiveUITests.swift in Sources */ = {isa = PBXBuildFile; fileRef = 637832E7D53D612C22399DF1 /* CalendarResponsiveUITests.swift */; };
		E60F481B45CD4ECDC2B6B79E /* CalendarCaptureUITests.swift in Sources */ = {isa = PBXBuildFile; fileRef = 8AE728D696757EBC49995363 /* CalendarCaptureUITests.swift */; };
		5B8F3BCED41B7F81EA51FD2A /* StatisticsTests.swift in Sources */ = {isa = PBXBuildFile; fileRef = 744823863FF6CDACE46FBC27 /* StatisticsTests.swift */; };
		6DE583F7530A537C67F00C77 /* StatisticsFixtureGovernanceTests.swift in Sources */ = {isa = PBXBuildFile; fileRef = 19B23974364B49678D2B6972 /* StatisticsFixtureGovernanceTests.swift */; };
		4F2C5F179E27553441A35775 /* StatisticsUITests.swift in Sources */ = {isa = PBXBuildFile; fileRef = A4106100B4A4101A8E056261 /* StatisticsUITests.swift */; };
		1F7CA7B976729E470F1707CB /* StatisticsCaptureUITests.swift in Sources */ = {isa = PBXBuildFile; fileRef = 8E66D4EAA50227341A84F1FE /* StatisticsCaptureUITests.swift */; };
/* End PBXBuildFile section */

/* Begin PBXContainerItemProxy section */
		3D4BE7E7FCF0DCA4734DB72D /* PBXContainerItemProxy */ = {
			isa = PBXContainerItemProxy;
			containerPortal = 01A8D7BE2E7A4A8F8EBC0011 /* Project object */;
			proxyType = 1;
			remoteGlobalIDString = 01A8D7C62E7A4A8F8EBC0011;
			remoteInfo = VictoryFairy;
		};
		C025C6F6AB473B1071E51B9F /* PBXContainerItemProxy */ = {
			isa = PBXContainerItemProxy;
			containerPortal = 01A8D7BE2E7A4A8F8EBC0011 /* Project object */;
			proxyType = 1;
			remoteGlobalIDString = 01A8D7C62E7A4A8F8EBC0011;
			remoteInfo = VictoryFairy;
		};
/* End PBXContainerItemProxy section */

/* Begin PBXFileReference section */
		01A8D7C72E7A4A8F8EBC0011 /* VictoryFairy.app */ = {isa = PBXFileReference; explicitFileType = wrapper.application; includeInIndex = 0; path = VictoryFairy.app; sourceTree = BUILT_PRODUCTS_DIR; };
		071661147C015553CCB78E53 /* VictoryFairyTests.xctest */ = {isa = PBXFileReference; explicitFileType = wrapper.cfbundle; includeInIndex = 0; path = VictoryFairyTests.xctest; sourceTree = BUILT_PRODUCTS_DIR; };
		0B6A286C7629719131BF3239 /* NavigationUITests.swift */ = {isa = PBXFileReference; includeInIndex = 1; lastKnownFileType = sourcecode.swift; path = NavigationUITests.swift; sourceTree = "<group>"; };
		30D17667A4ED56912BBB8893 /* ArchitectureBoundaryTests.swift */ = {isa = PBXFileReference; includeInIndex = 1; lastKnownFileType = sourcecode.swift; path = ArchitectureBoundaryTests.swift; sourceTree = "<group>"; };
		4AC4BE8C8CAD463FB13F2F55 /* CalendarDaySemanticsTests.swift */ = {isa = PBXFileReference; includeInIndex = 1; lastKnownFileType = sourcecode.swift; path = CalendarDaySemanticsTests.swift; sourceTree = "<group>"; };
		62870DA56EA814F915135D87 /* OnboardingUITests.swift */ = {isa = PBXFileReference; includeInIndex = 1; lastKnownFileType = sourcecode.swift; path = OnboardingUITests.swift; sourceTree = "<group>"; };
		637832E7D53D612C22399DF1 /* CalendarResponsiveUITests.swift */ = {isa = PBXFileReference; includeInIndex = 1; lastKnownFileType = sourcecode.swift; path = CalendarResponsiveUITests.swift; sourceTree = "<group>"; };
		71C6F5BC47D1ECBD1865320A /* CalendarTests.swift */ = {isa = PBXFileReference; includeInIndex = 1; lastKnownFileType = sourcecode.swift; path = CalendarTests.swift; sourceTree = "<group>"; };
		7264ECF83681DF2376ED0AA3 /* DesignSystemContractTests.swift */ = {isa = PBXFileReference; includeInIndex = 1; lastKnownFileType = sourcecode.swift; path = DesignSystemContractTests.swift; sourceTree = "<group>"; };
		7564C16C6D44FAAE58D15ABC /* HomeUITests.swift */ = {isa = PBXFileReference; includeInIndex = 1; lastKnownFileType = sourcecode.swift; path = HomeUITests.swift; sourceTree = "<group>"; };
		884FCE4AF2F372E5B3D7A18B /* FeedTests.swift */ = {isa = PBXFileReference; includeInIndex = 1; lastKnownFileType = sourcecode.swift; path = FeedTests.swift; sourceTree = "<group>"; };
		8AE728D696757EBC49995363 /* CalendarCaptureUITests.swift */ = {isa = PBXFileReference; includeInIndex = 1; lastKnownFileType = sourcecode.swift; path = CalendarCaptureUITests.swift; sourceTree = "<group>"; };
		B888CB3220CC3CBC71BEB8E7 /* Foundation.framework */ = {isa = PBXFileReference; lastKnownFileType = wrapper.framework; name = Foundation.framework; path = Platforms/iPhoneOS.platform/Developer/SDKs/iPhoneOS18.0.sdk/System/Library/Frameworks/Foundation.framework; sourceTree = DEVELOPER_DIR; };
		B8F05ECE09A53E6EB7A7214D /* NavigationAndFormattingTests.swift */ = {isa = PBXFileReference; includeInIndex = 1; lastKnownFileType = sourcecode.swift; path = NavigationAndFormattingTests.swift; sourceTree = "<group>"; };
		CA43D194B3235EBEA9054088 /* FeedUITests.swift */ = {isa = PBXFileReference; includeInIndex = 1; lastKnownFileType = sourcecode.swift; path = FeedUITests.swift; sourceTree = "<group>"; };
		D4C6C440109F9CA959CAE345 /* CalendarFixtureGovernanceTests.swift */ = {isa = PBXFileReference; includeInIndex = 1; lastKnownFileType = sourcecode.swift; path = CalendarFixtureGovernanceTests.swift; sourceTree = "<group>"; };
		D5B63F1FFD420B9DDAA522D8 /* CalendarUITests.swift */ = {isa = PBXFileReference; includeInIndex = 1; lastKnownFileType = sourcecode.swift; path = CalendarUITests.swift; sourceTree = "<group>"; };
		E0B37B408959F96857281923 /* HomeTests.swift */ = {isa = PBXFileReference; includeInIndex = 1; lastKnownFileType = sourcecode.swift; path = HomeTests.swift; sourceTree = "<group>"; };
		E4278B21C148ED13A98BFED5 /* OnboardingTests.swift */ = {isa = PBXFileReference; includeInIndex = 1; lastKnownFileType = sourcecode.swift; path = OnboardingTests.swift; sourceTree = "<group>"; };
		F0FF893D04A1A41729248BC0 /* VictoryFairyUITests.xctest */ = {isa = PBXFileReference; explicitFileType = wrapper.cfbundle; includeInIndex = 0; path = VictoryFairyUITests.xctest; sourceTree = BUILT_PRODUCTS_DIR; };
		744823863FF6CDACE46FBC27 /* StatisticsTests.swift */ = {isa = PBXFileReference; includeInIndex = 1; lastKnownFileType = sourcecode.swift; path = StatisticsTests.swift; sourceTree = "<group>"; };
		19B23974364B49678D2B6972 /* StatisticsFixtureGovernanceTests.swift */ = {isa = PBXFileReference; includeInIndex = 1; lastKnownFileType = sourcecode.swift; path = StatisticsFixtureGovernanceTests.swift; sourceTree = "<group>"; };
		A4106100B4A4101A8E056261 /* StatisticsUITests.swift */ = {isa = PBXFileReference; includeInIndex = 1; lastKnownFileType = sourcecode.swift; path = StatisticsUITests.swift; sourceTree = "<group>"; };
		8E66D4EAA50227341A84F1FE /* StatisticsCaptureUITests.swift */ = {isa = PBXFileReference; includeInIndex = 1; lastKnownFileType = sourcecode.swift; path = StatisticsCaptureUITests.swift; sourceTree = "<group>"; };
/* End PBXFileReference section */

/* Begin PBXFileSystemSynchronizedBuildFileExceptionSet section */
		01A8D7D22E7A4A8F8EBC0011 /* Exceptions for "VictoryFairy" folder in "VictoryFairy" target */ = {
			isa = PBXFileSystemSynchronizedBuildFileExceptionSet;
			membershipExceptions = (
				Info.plist,
			);
			target = 01A8D7C62E7A4A8F8EBC0011 /* VictoryFairy */;
		};
/* End PBXFileSystemSynchronizedBuildFileExceptionSet section */

/* Begin PBXFileSystemSynchronizedRootGroup section */
		01A8D7C12E7A4A8F8EBC0011 /* VictoryFairy */ = {
			isa = PBXFileSystemSynchronizedRootGroup;
			exceptions = (
				01A8D7D22E7A4A8F8EBC0011 /* Exceptions for "VictoryFairy" folder in "VictoryFairy" target */,
			);
			path = VictoryFairy;
			sourceTree = "<group>";
		};
/* End PBXFileSystemSynchronizedRootGroup section */

/* Begin PBXFrameworksBuildPhase section */
		01A8D7C52E7A4A8F8EBC0011 /* Frameworks */ = {
			isa = PBXFrameworksBuildPhase;
			buildActionMask = 2147483647;
			files = (
			);
			runOnlyForDeploymentPostprocessing = 0;
		};
		4C83C90D25A5313BA1E7F0D1 /* Frameworks */ = {
			isa = PBXFrameworksBuildPhase;
			buildActionMask = 2147483647;
			files = (
				358E6AB79F738C065C4DC16F /* Foundation.framework in Frameworks */,
			);
			runOnlyForDeploymentPostprocessing = 0;
		};
		B30224BDE6191E7C89AFC9AA /* Frameworks */ = {
			isa = PBXFrameworksBuildPhase;
			buildActionMask = 2147483647;
			files = (
				6EA045B8181B5048E518F1A9 /* Foundation.framework in Frameworks */,
			);
			runOnlyForDeploymentPostprocessing = 0;
		};
/* End PBXFrameworksBuildPhase section */

/* Begin PBXGroup section */
		01A8D7BF2E7A4A8F8EBC0011 = {
			isa = PBXGroup;
			children = (
				01A8D7C12E7A4A8F8EBC0011 /* VictoryFairy */,
				01A8D7C02E7A4A8F8EBC0011 /* Products */,
				FE50C55D5796D53B0D3BF838 /* Frameworks */,
				030862EE58DC627905C553FF /* VictoryFairyTests */,
				7FC7450127D042A5C200EE50 /* VictoryFairyUITests */,
			);
			sourceTree = "<group>";
		};
		01A8D7C02E7A4A8F8EBC0011 /* Products */ = {
			isa = PBXGroup;
			children = (
				01A8D7C72E7A4A8F8EBC0011 /* VictoryFairy.app */,
				071661147C015553CCB78E53 /* VictoryFairyTests.xctest */,
				F0FF893D04A1A41729248BC0 /* VictoryFairyUITests.xctest */,
			);
			name = Products;
			sourceTree = "<group>";
		};
		030862EE58DC627905C553FF /* VictoryFairyTests */ = {
			isa = PBXGroup;
			children = (
				30D17667A4ED56912BBB8893 /* ArchitectureBoundaryTests.swift */,
				7264ECF83681DF2376ED0AA3 /* DesignSystemContractTests.swift */,
				B8F05ECE09A53E6EB7A7214D /* NavigationAndFormattingTests.swift */,
				E4278B21C148ED13A98BFED5 /* OnboardingTests.swift */,
				E0B37B408959F96857281923 /* HomeTests.swift */,
				884FCE4AF2F372E5B3D7A18B /* FeedTests.swift */,
				71C6F5BC47D1ECBD1865320A /* CalendarTests.swift */,
				D4C6C440109F9CA959CAE345 /* CalendarFixtureGovernanceTests.swift */,
				4AC4BE8C8CAD463FB13F2F55 /* CalendarDaySemanticsTests.swift */,
				744823863FF6CDACE46FBC27 /* StatisticsTests.swift */,
				19B23974364B49678D2B6972 /* StatisticsFixtureGovernanceTests.swift */,
			);
			path = VictoryFairyTests;
			sourceTree = "<group>";
		};
		7FC7450127D042A5C200EE50 /* VictoryFairyUITests */ = {
			isa = PBXGroup;
			children = (
				0B6A286C7629719131BF3239 /* NavigationUITests.swift */,
				62870DA56EA814F915135D87 /* OnboardingUITests.swift */,
				7564C16C6D44FAAE58D15ABC /* HomeUITests.swift */,
				CA43D194B3235EBEA9054088 /* FeedUITests.swift */,
				D5B63F1FFD420B9DDAA522D8 /* CalendarUITests.swift */,
				637832E7D53D612C22399DF1 /* CalendarResponsiveUITests.swift */,
				8AE728D696757EBC49995363 /* CalendarCaptureUITests.swift */,
				A4106100B4A4101A8E056261 /* StatisticsUITests.swift */,
				8E66D4EAA50227341A84F1FE /* StatisticsCaptureUITests.swift */,
			);
			path = VictoryFairyUITests;
			sourceTree = SOURCE_ROOT;
		};
		B7E8289B001FF9B546C75CF7 /* iOS */ = {
			isa = PBXGroup;
			children = (
				B888CB3220CC3CBC71BEB8E7 /* Foundation.framework */,
			);
			name = iOS;
			sourceTree = "<group>";
		};
		FE50C55D5796D53B0D3BF838 /* Frameworks */ = {
			isa = PBXGroup;
			children = (
				B7E8289B001FF9B546C75CF7 /* iOS */,
			);
			name = Frameworks;
			sourceTree = "<group>";
		};
/* End PBXGroup section */

/* Begin PBXNativeTarget section */
		01A8D7C62E7A4A8F8EBC0011 /* VictoryFairy */ = {
			isa = PBXNativeTarget;
			buildConfigurationList = 01A8D7D12E7A4A8F8EBC0011 /* Build configuration list for PBXNativeTarget "VictoryFairy" */;
			buildPhases = (
				01A8D7C42E7A4A8F8EBC0011 /* Sources */,
				01A8D7C52E7A4A8F8EBC0011 /* Frameworks */,
				01A8D7C82E7A4A8F8EBC0011 /* Resources */,
			);
			buildRules = (
			);
			dependencies = (
			);
			fileSystemSynchronizedGroups = (
				01A8D7C12E7A4A8F8EBC0011 /* VictoryFairy */,
			);
			name = VictoryFairy;
			productName = VictoryFairy;
			productReference = 01A8D7C72E7A4A8F8EBC0011 /* VictoryFairy.app */;
			productType = "com.apple.product-type.application";
		};
		133F9243AB9A2CE3F6AAB179 /* VictoryFairyTests */ = {
			isa = PBXNativeTarget;
			buildConfigurationList = ECF46B3E3871133A12CEFDA4 /* Build configuration list for PBXNativeTarget "VictoryFairyTests" */;
			buildPhases = (
				9F6751916709B88510FFFD56 /* Sources */,
				4C83C90D25A5313BA1E7F0D1 /* Frameworks */,
				B1AB5E63EBD2D3810B4DA6A1 /* Resources */,
			);
			buildRules = (
			);
			dependencies = (
				1C56559FD8413EED40E3C70A /* PBXTargetDependency */,
			);
			name = VictoryFairyTests;
			productName = VictoryFairyTests;
			productReference = 071661147C015553CCB78E53 /* VictoryFairyTests.xctest */;
			productType = "com.apple.product-type.bundle.unit-test";
		};
		C4B1F974822F20004A60E72F /* VictoryFairyUITests */ = {
			isa = PBXNativeTarget;
			buildConfigurationList = 2F3E1C5983E097F608C72E28 /* Build configuration list for PBXNativeTarget "VictoryFairyUITests" */;
			buildPhases = (
				3A4FABF667B8D084C3854FA8 /* Sources */,
				B30224BDE6191E7C89AFC9AA /* Frameworks */,
				D9C974D697519E96C02D1884 /* Resources */,
			);
			buildRules = (
			);
			dependencies = (
				C0058394D730B71BDA076C50 /* PBXTargetDependency */,
			);
			name = VictoryFairyUITests;
			productName = VictoryFairyUITests;
			productReference = F0FF893D04A1A41729248BC0 /* VictoryFairyUITests.xctest */;
			productType = "com.apple.product-type.bundle.ui-testing";
		};
/* End PBXNativeTarget section */

/* Begin PBXProject section */
		01A8D7BE2E7A4A8F8EBC0011 /* Project object */ = {
			isa = PBXProject;
			attributes = {
				BuildIndependentTargetsInParallel = 1;
				LastSwiftUpdateCheck = 1600;
				LastUpgradeCheck = 2640;
				TargetAttributes = {
					01A8D7C62E7A4A8F8EBC0011 = {
						CreatedOnToolsVersion = 16.0;
					};
				};
			};
			buildConfigurationList = 01A8D7C92E7A4A8F8EBC0011 /* Build configuration list for PBXProject "VictoryFairy" */;
			developmentRegion = ko;
			hasScannedForEncodings = 0;
			knownRegions = (
				ko,
				en,
				Base,
			);
			mainGroup = 01A8D7BF2E7A4A8F8EBC0011;
			minimizedProjectReferenceProxies = 1;
			preferredProjectObjectVersion = 77;
			productRefGroup = 01A8D7C02E7A4A8F8EBC0011 /* Products */;
			projectDirPath = "";
			projectRoot = "";
			targets = (
				01A8D7C62E7A4A8F8EBC0011 /* VictoryFairy */,
				133F9243AB9A2CE3F6AAB179 /* VictoryFairyTests */,
				C4B1F974822F20004A60E72F /* VictoryFairyUITests */,
			);
		};
/* End PBXProject section */

/* Begin PBXResourcesBuildPhase section */
		01A8D7C82E7A4A8F8EBC0011 /* Resources */ = {
			isa = PBXResourcesBuildPhase;
			buildActionMask = 2147483647;
			files = (
			);
			runOnlyForDeploymentPostprocessing = 0;
		};
		B1AB5E63EBD2D3810B4DA6A1 /* Resources */ = {
			isa = PBXResourcesBuildPhase;
			buildActionMask = 2147483647;
			files = (
			);
			runOnlyForDeploymentPostprocessing = 0;
		};
		D9C974D697519E96C02D1884 /* Resources */ = {
			isa = PBXResourcesBuildPhase;
			buildActionMask = 2147483647;
			files = (
			);
			runOnlyForDeploymentPostprocessing = 0;
		};
/* End PBXResourcesBuildPhase section */

/* Begin PBXSourcesBuildPhase section */
		01A8D7C42E7A4A8F8EBC0011 /* Sources */ = {
			isa = PBXSourcesBuildPhase;
			buildActionMask = 2147483647;
			files = (
			);
			runOnlyForDeploymentPostprocessing = 0;
		};
		3A4FABF667B8D084C3854FA8 /* Sources */ = {
			isa = PBXSourcesBuildPhase;
			buildActionMask = 2147483647;
			files = (
				5BD2CA924539750A580D6EDA /* NavigationUITests.swift in Sources */,
				5362641498F569B0572DF2C6 /* OnboardingUITests.swift in Sources */,
				7B85C8C111E3DE1E77078183 /* HomeUITests.swift in Sources */,
				2D4FFC78CF04D9ACD3B51F72 /* FeedUITests.swift in Sources */,
				849E025898E078D05E33108C /* CalendarUITests.swift in Sources */,
				CA814B4C89745A1C39085ED1 /* CalendarResponsiveUITests.swift in Sources */,
				E60F481B45CD4ECDC2B6B79E /* CalendarCaptureUITests.swift in Sources */,
				4F2C5F179E27553441A35775 /* StatisticsUITests.swift in Sources */,
				1F7CA7B976729E470F1707CB /* StatisticsCaptureUITests.swift in Sources */,
			);
			runOnlyForDeploymentPostprocessing = 0;
		};
		9F6751916709B88510FFFD56 /* Sources */ = {
			isa = PBXSourcesBuildPhase;
			buildActionMask = 2147483647;
			files = (
				1B53D43C7D74BED8EF88519D /* ArchitectureBoundaryTests.swift in Sources */,
				AF142BAAAFB1D8B2752A53B9 /* DesignSystemContractTests.swift in Sources */,
				ACB1527C1A44BAA8FE8D2154 /* NavigationAndFormattingTests.swift in Sources */,
				827220FAA0E669B42EA07549 /* OnboardingTests.swift in Sources */,
				6DDE89DA19B86E23B8D7B616 /* HomeTests.swift in Sources */,
				523159EDCAAE182884692100 /* FeedTests.swift in Sources */,
				4E0B3E6D0C42A0B70E54819C /* CalendarTests.swift in Sources */,
				86E76C394B62040F3E3BE73D /* CalendarFixtureGovernanceTests.swift in Sources */,
				8AB405C46B6CD6CE86A2C26E /* CalendarDaySemanticsTests.swift in Sources */,
				5B8F3BCED41B7F81EA51FD2A /* StatisticsTests.swift in Sources */,
				6DE583F7530A537C67F00C77 /* StatisticsFixtureGovernanceTests.swift in Sources */,
			);
			runOnlyForDeploymentPostprocessing = 0;
		};
/* End PBXSourcesBuildPhase section */

/* Begin PBXTargetDependency section */
		1C56559FD8413EED40E3C70A /* PBXTargetDependency */ = {
			isa = PBXTargetDependency;
			name = VictoryFairy;
			target = 01A8D7C62E7A4A8F8EBC0011 /* VictoryFairy */;
			targetProxy = C025C6F6AB473B1071E51B9F /* PBXContainerItemProxy */;
		};
		C0058394D730B71BDA076C50 /* PBXTargetDependency */ = {
			isa = PBXTargetDependency;
			name = VictoryFairy;
			target = 01A8D7C62E7A4A8F8EBC0011 /* VictoryFairy */;
			targetProxy = 3D4BE7E7FCF0DCA4734DB72D /* PBXContainerItemProxy */;
		};
/* End PBXTargetDependency section */

/* Begin XCBuildConfiguration section */
		01A8D7CD2E7A4A8F8EBC0011 /* Debug */ = {
			isa = XCBuildConfiguration;
			buildSettings = {
				ALWAYS_SEARCH_USER_PATHS = NO;
				ASSETCATALOG_COMPILER_GENERATE_SWIFT_ASSET_SYMBOL_EXTENSIONS = YES;
				CLANG_ANALYZER_LOCALIZABILITY_NONLOCALIZED = YES;
				CLANG_ANALYZER_NONNULL = YES;
				CLANG_ANALYZER_NUMBER_OBJECT_CONVERSION = YES_AGGRESSIVE;
				CLANG_CXX_LANGUAGE_STANDARD = "gnu++20";
				CLANG_ENABLE_MODULES = YES;
				CLANG_ENABLE_OBJC_ARC = YES;
				CLANG_ENABLE_OBJC_WEAK = YES;
				CLANG_WARN_BLOCK_CAPTURE_AUTORELEASING = YES;
				CLANG_WARN_BOOL_CONVERSION = YES;
				CLANG_WARN_COMMA = YES;
				CLANG_WARN_CONSTANT_CONVERSION = YES;
				CLANG_WARN_DEPRECATED_OBJC_IMPLEMENTATIONS = YES;
				CLANG_WARN_DIRECT_OBJC_ISA_USAGE = YES_ERROR;
				CLANG_WARN_DOCUMENTATION_COMMENTS = YES;
				CLANG_WARN_EMPTY_BODY = YES;
				CLANG_WARN_ENUM_CONVERSION = YES;
				CLANG_WARN_INFINITE_RECURSION = YES;
				CLANG_WARN_INT_CONVERSION = YES;
				CLANG_WARN_NON_LITERAL_NULL_CONVERSION = YES;
				CLANG_WARN_OBJC_IMPLICIT_RETAIN_SELF = YES;
				CLANG_WARN_OBJC_LITERAL_CONVERSION = YES;
				CLANG_WARN_OBJC_ROOT_CLASS = YES_ERROR;
				CLANG_WARN_QUOTED_INCLUDE_IN_FRAMEWORK_HEADER = YES;
				CLANG_WARN_RANGE_LOOP_ANALYSIS = YES;
				CLANG_WARN_STRICT_PROTOTYPES = YES;
				CLANG_WARN_SUSPICIOUS_MOVE = YES;
				CLANG_WARN_UNGUARDED_AVAILABILITY = YES_AGGRESSIVE;
				CLANG_WARN_UNREACHABLE_CODE = YES;
				CLANG_WARN__DUPLICATE_METHOD_MATCH = YES;
				COPY_PHASE_STRIP = NO;
				DEBUG_INFORMATION_FORMAT = dwarf;
				DEVELOPMENT_TEAM = 63SB2B8YJ5;
				ENABLE_STRICT_OBJC_MSGSEND = YES;
				ENABLE_TESTABILITY = YES;
				ENABLE_USER_SCRIPT_SANDBOXING = YES;
				GCC_C_LANGUAGE_STANDARD = gnu17;
				GCC_DYNAMIC_NO_PIC = NO;
				GCC_NO_COMMON_BLOCKS = YES;
				GCC_OPTIMIZATION_LEVEL = 0;
				GCC_PREPROCESSOR_DEFINITIONS = (
					"DEBUG=1",
					"$(inherited)",
				);
				GCC_WARN_64_TO_32_BIT_CONVERSION = YES;
				GCC_WARN_ABOUT_RETURN_TYPE = YES_ERROR;
				GCC_WARN_UNDECLARED_SELECTOR = YES;
				GCC_WARN_UNINITIALIZED_AUTOS = YES_AGGRESSIVE;
				GCC_WARN_UNUSED_FUNCTION = YES;
				GCC_WARN_UNUSED_VARIABLE = YES;
				IPHONEOS_DEPLOYMENT_TARGET = 17.0;
				LOCALIZATION_PREFERS_STRING_CATALOGS = YES;
				MTL_ENABLE_DEBUG_INFO = INCLUDE_SOURCE;
				MTL_FAST_MATH = YES;
				ONLY_ACTIVE_ARCH = YES;
				SDKROOT = iphoneos;
				STRING_CATALOG_GENERATE_SYMBOLS = YES;
				SWIFT_ACTIVE_COMPILATION_CONDITIONS = "DEBUG $(inherited)";
				SWIFT_OPTIMIZATION_LEVEL = "-Onone";
			};
			name = Debug;
		};
		01A8D7CE2E7A4A8F8EBC0011 /* Release */ = {
			isa = XCBuildConfiguration;
			buildSettings = {
				ALWAYS_SEARCH_USER_PATHS = NO;
				ASSETCATALOG_COMPILER_GENERATE_SWIFT_ASSET_SYMBOL_EXTENSIONS = YES;
				CLANG_ANALYZER_LOCALIZABILITY_NONLOCALIZED = YES;
				CLANG_ANALYZER_NONNULL = YES;
				CLANG_ANALYZER_NUMBER_OBJECT_CONVERSION = YES_AGGRESSIVE;
				CLANG_CXX_LANGUAGE_STANDARD = "gnu++20";
				CLANG_ENABLE_MODULES = YES;
				CLANG_ENABLE_OBJC_ARC = YES;
				CLANG_ENABLE_OBJC_WEAK = YES;
				CLANG_WARN_BLOCK_CAPTURE_AUTORELEASING = YES;
				CLANG_WARN_BOOL_CONVERSION = YES;
				CLANG_WARN_COMMA = YES;
				CLANG_WARN_CONSTANT_CONVERSION = YES;
				CLANG_WARN_DEPRECATED_OBJC_IMPLEMENTATIONS = YES;
				CLANG_WARN_DIRECT_OBJC_ISA_USAGE = YES_ERROR;
				CLANG_WARN_DOCUMENTATION_COMMENTS = YES;
				CLANG_WARN_EMPTY_BODY = YES;
				CLANG_WARN_ENUM_CONVERSION = YES;
				CLANG_WARN_INFINITE_RECURSION = YES;
				CLANG_WARN_INT_CONVERSION = YES;
				CLANG_WARN_NON_LITERAL_NULL_CONVERSION = YES;
				CLANG_WARN_OBJC_IMPLICIT_RETAIN_SELF = YES;
				CLANG_WARN_OBJC_LITERAL_CONVERSION = YES;
				CLANG_WARN_OBJC_ROOT_CLASS = YES_ERROR;
				CLANG_WARN_QUOTED_INCLUDE_IN_FRAMEWORK_HEADER = YES;
				CLANG_WARN_RANGE_LOOP_ANALYSIS = YES;
				CLANG_WARN_STRICT_PROTOTYPES = YES;
				CLANG_WARN_SUSPICIOUS_MOVE = YES;
				CLANG_WARN_UNGUARDED_AVAILABILITY = YES_AGGRESSIVE;
				CLANG_WARN_UNREACHABLE_CODE = YES;
				CLANG_WARN__DUPLICATE_METHOD_MATCH = YES;
				COPY_PHASE_STRIP = NO;
				DEBUG_INFORMATION_FORMAT = "dwarf-with-dsym";
				DEVELOPMENT_TEAM = 63SB2B8YJ5;
				ENABLE_NS_ASSERTIONS = NO;
				ENABLE_STRICT_OBJC_MSGSEND = YES;
				ENABLE_USER_SCRIPT_SANDBOXING = YES;
				GCC_C_LANGUAGE_STANDARD = gnu17;
				GCC_NO_COMMON_BLOCKS = YES;
				GCC_WARN_64_TO_32_BIT_CONVERSION = YES;
				GCC_WARN_ABOUT_RETURN_TYPE = YES_ERROR;
				GCC_WARN_UNDECLARED_SELECTOR = YES;
				GCC_WARN_UNINITIALIZED_AUTOS = YES_AGGRESSIVE;
				GCC_WARN_UNUSED_FUNCTION = YES;
				GCC_WARN_UNUSED_VARIABLE = YES;
				IPHONEOS_DEPLOYMENT_TARGET = 17.0;
				LOCALIZATION_PREFERS_STRING_CATALOGS = YES;
				MTL_ENABLE_DEBUG_INFO = NO;
				MTL_FAST_MATH = YES;
				SDKROOT = iphoneos;
				STRING_CATALOG_GENERATE_SYMBOLS = YES;
				SWIFT_COMPILATION_MODE = wholemodule;
				VALIDATE_PRODUCT = YES;
			};
			name = Release;
		};
		01A8D7CF2E7A4A8F8EBC0011 /* Debug */ = {
			isa = XCBuildConfiguration;
			buildSettings = {
				API_BASE_URL = "http://localhost:8081";
				APP_DISPLAY_NAME = "승리요정 Dev";
				ASSETCATALOG_COMPILER_APPICON_NAME = AppIcon;
				CODE_SIGN_STYLE = Automatic;
				CURRENT_PROJECT_VERSION = 1;
				DEVELOPMENT_ASSET_PATHS = "";
				ENABLE_PREVIEWS = YES;
				GENERATE_INFOPLIST_FILE = NO;
				INFOPLIST_FILE = VictoryFairy/Info.plist;
				INFOPLIST_KEY_CFBundleDisplayName = "승리요정";
				IPHONEOS_DEPLOYMENT_TARGET = 17.0;
				LD_RUNPATH_SEARCH_PATHS = (
					"$(inherited)",
					"@executable_path/Frameworks",
				);
				MARKETING_VERSION = 1.1.0;
				PRODUCT_BUNDLE_IDENTIFIER = com.hwangseokbeom.victoryfairy;
				PRODUCT_NAME = "$(TARGET_NAME)";
				SUPPORTED_PLATFORMS = "iphoneos iphonesimulator";
				SUPPORTS_MACCATALYST = NO;
				SUPPORTS_MAC_DESIGNED_FOR_IPHONE_IPAD = NO;
				SUPPORTS_XR_DESIGNED_FOR_IPHONE_IPAD = NO;
				SWIFT_ACTIVE_COMPILATION_CONDITIONS = "$(inherited) VICTORYFAIRY_DEV";
				SWIFT_EMIT_LOC_STRINGS = YES;
				SWIFT_VERSION = 5.0;
				TARGETED_DEVICE_FAMILY = 1;
			};
			name = Debug;
		};
		01A8D7D02E7A4A8F8EBC0011 /* Release */ = {
			isa = XCBuildConfiguration;
			buildSettings = {
				API_BASE_URL = "https://victoryfairy.duckdns.org";
				APP_DISPLAY_NAME = "승리요정";
				ASSETCATALOG_COMPILER_APPICON_NAME = AppIcon;
				CODE_SIGN_STYLE = Automatic;
				CURRENT_PROJECT_VERSION = 1;
				DEVELOPMENT_ASSET_PATHS = "";
				ENABLE_PREVIEWS = YES;
				GENERATE_INFOPLIST_FILE = NO;
				INFOPLIST_FILE = VictoryFairy/Info.plist;
				INFOPLIST_KEY_CFBundleDisplayName = "승리요정";
				IPHONEOS_DEPLOYMENT_TARGET = 17.0;
				LD_RUNPATH_SEARCH_PATHS = (
					"$(inherited)",
					"@executable_path/Frameworks",
				);
				MARKETING_VERSION = 1.1.0;
				PRODUCT_BUNDLE_IDENTIFIER = com.hwangseokbeom.victoryfairy;
				PRODUCT_NAME = "$(TARGET_NAME)";
				SUPPORTED_PLATFORMS = "iphoneos iphonesimulator";
				SUPPORTS_MACCATALYST = NO;
				SUPPORTS_MAC_DESIGNED_FOR_IPHONE_IPAD = NO;
				SUPPORTS_XR_DESIGNED_FOR_IPHONE_IPAD = NO;
				SWIFT_ACTIVE_COMPILATION_CONDITIONS = "$(inherited) VICTORYFAIRY_PRODUCTION";
				SWIFT_EMIT_LOC_STRINGS = YES;
				SWIFT_VERSION = 5.0;
				TARGETED_DEVICE_FAMILY = 1;
			};
			name = Release;
		};
		0CD753C728505199BF6C57D8 /* Debug */ = {
			isa = XCBuildConfiguration;
			buildSettings = {
				BUNDLE_LOADER = "$(TEST_HOST)";
				CLANG_ENABLE_OBJC_WEAK = NO;
				CODE_SIGNING_ALLOWED = NO;
				GENERATE_INFOPLIST_FILE = YES;
				IPHONEOS_DEPLOYMENT_TARGET = 17.0;
				PRODUCT_BUNDLE_IDENTIFIER = com.hwangseokbeom.victoryfairy.tests;
				PRODUCT_NAME = "$(TARGET_NAME)";
				SDKROOT = iphoneos;
				SUPPORTED_PLATFORMS = "iphoneos iphonesimulator";
				SWIFT_VERSION = 5.0;
				TARGETED_DEVICE_FAMILY = 1;
				TEST_HOST = "$(BUILT_PRODUCTS_DIR)/VictoryFairy.app/$(BUNDLE_EXECUTABLE_FOLDER_PATH)/VictoryFairy";
			};
			name = Debug;
		};
		13CED6DD529A51375E33105F /* Release */ = {
			isa = XCBuildConfiguration;
			buildSettings = {
				BUNDLE_LOADER = "$(TEST_HOST)";
				CLANG_ENABLE_OBJC_WEAK = NO;
				CODE_SIGNING_ALLOWED = NO;
				GENERATE_INFOPLIST_FILE = YES;
				IPHONEOS_DEPLOYMENT_TARGET = 17.0;
				PRODUCT_BUNDLE_IDENTIFIER = com.hwangseokbeom.victoryfairy.tests;
				PRODUCT_NAME = "$(TARGET_NAME)";
				SDKROOT = iphoneos;
				SUPPORTED_PLATFORMS = "iphoneos iphonesimulator";
				SWIFT_VERSION = 5.0;
				TARGETED_DEVICE_FAMILY = 1;
				TEST_HOST = "$(BUILT_PRODUCTS_DIR)/VictoryFairy.app/$(BUNDLE_EXECUTABLE_FOLDER_PATH)/VictoryFairy";
				VALIDATE_PRODUCT = YES;
			};
			name = Release;
		};
		2D677D074149DB73347DBC63 /* Debug */ = {
			isa = XCBuildConfiguration;
			buildSettings = {
				CLANG_ENABLE_OBJC_WEAK = NO;
				CODE_SIGNING_ALLOWED = NO;
				GENERATE_INFOPLIST_FILE = YES;
				IPHONEOS_DEPLOYMENT_TARGET = 17.0;
				PRODUCT_BUNDLE_IDENTIFIER = com.hwangseokbeom.victoryfairy.uitests;
				PRODUCT_NAME = "$(TARGET_NAME)";
				SDKROOT = iphoneos;
				SUPPORTED_PLATFORMS = "iphoneos iphonesimulator";
				SWIFT_VERSION = 5.0;
				TARGETED_DEVICE_FAMILY = 1;
				TEST_TARGET_NAME = VictoryFairy;
			};
			name = Debug;
		};
		354224451516C9E1CB92C510 /* Release */ = {
			isa = XCBuildConfiguration;
			buildSettings = {
				CLANG_ENABLE_OBJC_WEAK = NO;
				CODE_SIGNING_ALLOWED = NO;
				GENERATE_INFOPLIST_FILE = YES;
				IPHONEOS_DEPLOYMENT_TARGET = 17.0;
				PRODUCT_BUNDLE_IDENTIFIER = com.hwangseokbeom.victoryfairy.uitests;
				PRODUCT_NAME = "$(TARGET_NAME)";
				SDKROOT = iphoneos;
				SUPPORTED_PLATFORMS = "iphoneos iphonesimulator";
				SWIFT_VERSION = 5.0;
				TARGETED_DEVICE_FAMILY = 1;
				TEST_TARGET_NAME = VictoryFairy;
				VALIDATE_PRODUCT = YES;
			};
			name = Release;
		};
/* End XCBuildConfiguration section */

/* Begin XCConfigurationList section */
		01A8D7C92E7A4A8F8EBC0011 /* Build configuration list for PBXProject "VictoryFairy" */ = {
			isa = XCConfigurationList;
			buildConfigurations = (
				01A8D7CD2E7A4A8F8EBC0011 /* Debug */,
				01A8D7CE2E7A4A8F8EBC0011 /* Release */,
			);
			defaultConfigurationIsVisible = 0;
			defaultConfigurationName = Release;
		};
		01A8D7D12E7A4A8F8EBC0011 /* Build configuration list for PBXNativeTarget "VictoryFairy" */ = {
			isa = XCConfigurationList;
			buildConfigurations = (
				01A8D7CF2E7A4A8F8EBC0011 /* Debug */,
				01A8D7D02E7A4A8F8EBC0011 /* Release */,
			);
			defaultConfigurationIsVisible = 0;
			defaultConfigurationName = Release;
		};
		2F3E1C5983E097F608C72E28 /* Build configuration list for PBXNativeTarget "VictoryFairyUITests" */ = {
			isa = XCConfigurationList;
			buildConfigurations = (
				354224451516C9E1CB92C510 /* Release */,
				2D677D074149DB73347DBC63 /* Debug */,
			);
			defaultConfigurationIsVisible = 0;
			defaultConfigurationName = Release;
		};
		ECF46B3E3871133A12CEFDA4 /* Build configuration list for PBXNativeTarget "VictoryFairyTests" */ = {
			isa = XCConfigurationList;
			buildConfigurations = (
				13CED6DD529A51375E33105F /* Release */,
				0CD753C728505199BF6C57D8 /* Debug */,
			);
			defaultConfigurationIsVisible = 0;
			defaultConfigurationName = Release;
		};
/* End XCConfigurationList section */
	};
	rootObject = 01A8D7BE2E7A4A8F8EBC0011 /* Project object */;
}
